github.com/google/go-cmp v0.6.0 h1:ofyhxvXcZhMsU5ulbFiLKl/XBFqE1GSq7atu8tAmTRI=
github.com/google/go-cmp v0.6.0/go.mod h1:17dUlkBOakJ0+DkrSSNjCkIjxS6bF9zb3elmeNGIjoY=
github.com/joyparty/gokit v0.0.0-20240904125910-d097e00f6df7 h1:gyVAQnP9Wal7acXMtnKBU4VvPFA91YjmkkSbWAIVxSs=
github.com/joyparty/gokit v0.0.0-20240904125910-d097e00f6df7/go.mod h1:pT9THuPqHBfz+D7T3UKKtFxepOLolTgky/kUZ08sc7Y=
github.com/samber/lo v1.47.0 h1:z7RynLwP5nbyRscyvcD043DWYoOcYRv3mV8lBeqOCLc=
github.com/samber/lo v1.47.0/go.mod h1:RmDH9Ct32Qy3gduHQuKJ3gW1fMHAnE/fAzQuf6He5cU=
golang.org/x/text v0.19.0 h1:kTxAhCbGbxhK0IwgSKiMO5awPoDQ0RpfiVYBfK860YM=
golang.org/x/text v0.19.0/go.mod h1:BuEKDfySbSR4drPmRPG/7iBdf8hvFMuRexcpahXilzY=
google.golang.org/protobuf v1.35.1 h1:m3LfL6/Ca+fqnjnlqQXNpFPABW1UD7mjh8KO2mKFytA=
google.golang.org/protobuf v1.35.1/go.mod h1:9fA7Ob0pmnwhb644+1+CVWFRbNajQ6iRojtC/QF5bRE=
